// !$*UTF8*$!
{
	archiveVersion = 1;
	classes = {
	};
	objectVersion = 48;
	objects = {

/* Begin PBXBuildFile section */
		0971C0F7EE3C22C11485AE39 /* Pods_JasonTest.framework in Frameworks */ = {isa = PBXBuildFile; fileRef = 4E32139818F78BF9A1187947 /* Pods_JasonTest.framework */; };
		1B7B06EF204D3D1600E4BEC4 /* AppDelegate.swift in Sources */ = {isa = PBXBuildFile; fileRef = 1B7B06EE204D3D1600E4BEC4 /* AppDelegate.swift */; };
		1B7B06F1204D3D1600E4BEC4 /* ViewController.swift in Sources */ = {isa = PBXBuildFile; fileRef = 1B7B06F0204D3D1600E4BEC4 /* ViewController.swift */; };
		1B7B06F4204D3D1600E4BEC4 /* Main.storyboard in Resources */ = {isa = PBXBuildFile; fileRef = 1B7B06F2204D3D1600E4BEC4 /* Main.storyboard */; };
		1B7B06F6204D3D1600E4BEC4 /* Assets.xcassets in Resources */ = {isa = PBXBuildFile; fileRef = 1B7B06F5204D3D1600E4BEC4 /* Assets.xcassets */; };
		1B7B06F9204D3D1600E4BEC4 /* LaunchScreen.storyboard in Resources */ = {isa = PBXBuildFile; fileRef = 1B7B06F7204D3D1600E4BEC4 /* LaunchScreen.storyboard */; };
		1B7B0701204D4BE700E4BEC4 /* adcn.swift in Sources */ = {isa = PBXBuildFile; fileRef = 1B7B0700204D4BE700E4BEC4 /* adcn.swift */; };
/* End PBXBuildFile section */

/* Begin PBXFileReference section */
		0426EA6DCBB3DF98EE3985C3 /* Pods-JasonTest.debug.xcconfig */ = {isa = PBXFileReference; includeInIndex = 1; lastKnownFileType = text.xcconfig; name = "Pods-JasonTest.debug.xcconfig"; path = "Pods/Target Support Files/Pods-JasonTest/Pods-JasonTest.debug.xcconfig"; sourceTree = "<group>"; };
		1B7B06EB204D3D1600E4BEC4 /* JasonTest.app */ = {isa = PBXFileReference; explicitFileType = wrapper.application; includeInIndex = 0; path = JasonTest.app; sourceTree = BUILT_PRODUCTS_DIR; };
		1B7B06EE204D3D1600E4BEC4 /* AppDelegate.swift */ = {isa = PBXFileReference; lastKnownFileType = sourcecode.swift; path = AppDelegate.swift; sourceTree = "<group>"; };
		1B7B06F0204D3D1600E4BEC4 /* ViewController.swift */ = {isa = PBXFileReference; lastKnownFileType = sourcecode.swift; path = ViewController.swift; sourceTree = "<group>"; };
		1B7B06F3204D3D1600E4BEC4 /* Base */ = {isa = PBXFileReference; lastKnownFileType = file.storyboard; name = Base; path = Base.lproj/Main.storyboard; sourceTree = "<group>"; };
		1B7B06F5204D3D1600E4BEC4 /* Assets.xcassets */ = {isa = PBXFileReference; lastKnownFileType = folder.assetcatalog; path = Assets.xcassets; sourceTree = "<group>"; };
		1B7B06F8204D3D1600E4BEC4 /* Base */ = {isa = PBXFileReference; lastKnownFileType = file.storyboard; name = Base; path = Base.lproj/LaunchScreen.storyboard; sourceTree = "<group>"; };
		1B7B06FA204D3D1600E4BEC4 /* Info.plist */ = {isa = PBXFileReference; lastKnownFileType = text.plist.xml; path = Info.plist; sourceTree = "<group>"; };
		1B7B0700204D4BE700E4BEC4 /* adcn.swift */ = {isa = PBXFileReference; lastKnownFileType = sourcecode.swift; path = adcn.swift; sourceTree = "<group>"; };
		4E32139818F78BF9A1187947 /* Pods_JasonTest.framework */ = {isa = PBXFileReference; explicitFileType = wrapper.framework; includeInIndex = 0; path = Pods_JasonTest.framework; sourceTree = BUILT_PRODUCTS_DIR; };
		A10F773B8D5D6DB1D23EF2A2 /* Pods-JasonTest.release.xcconfig */ = {isa = PBXFileReference; includeInIndex = 1; lastKnownFileType = text.xcconfig; name = "Pods-JasonTest.release.xcconfig"; path = "Pods/Target Support Files/Pods-JasonTest/Pods-JasonTest.release.xcconfig"; sourceTree = "<group>"; };
/* End PBXFileReference section */

/* Begin PBXFrameworksBuildPhase section */
		1B7B06E8204D3D1600E4BEC4 /* Frameworks */ = {
			isa = PBXFrameworksBuildPhase;
			buildActionMask = 2147483647;
			files = (
				0971C0F7EE3C22C11485AE39 /* Pods_JasonTest.framework in Frameworks */,
			);
			runOnlyForDeploymentPostprocessing = 0;
		};
/* End PBXFrameworksBuildPhase section */

/* Begin PBXGroup section */
		01BFC6E90A5E1E1D5EFEE368 /* Pods */ = {
			isa = PBXGroup;
			children = (
				0426EA6DCBB3DF98EE3985C3 /* Pods-JasonTest.debug.xcconfig */,
				A10F773B8D5D6DB1D23EF2A2 /* Pods-JasonTest.release.xcconfig */,
			);
			name = Pods;
			sourceTree = "<group>";
		};
		1B7B06E2204D3D1600E4BEC4 = {
			isa = PBXGroup;
			children = (
				1B7B06ED204D3D1600E4BEC4 /* JasonTest */,
				1B7B06EC204D3D1600E4BEC4 /* Products */,
				01BFC6E90A5E1E1D5EFEE368 /* Pods */,
				EF0BEAA7D299A859719A29F8 /* Frameworks */,
			);
			sourceTree = "<group>";
		};
		1B7B06EC204D3D1600E4BEC4 /* Products */ = {
			isa = PBXGroup;
			children = (
				1B7B06EB204D3D1600E4BEC4 /* JasonTest.app */,
			);
			name = Products;
			sourceTree = "<group>";
		};
		1B7B06ED204D3D1600E4BEC4 /* JasonTest */ = {
			isa = PBXGroup;
			children = (
				1B7B06EE204D3D1600E4BEC4 /* AppDelegate.swift */,
				1B7B06F0204D3D1600E4BEC4 /* ViewController.swift */,
				1B7B06F2204D3D1600E4BEC4 /* Main.storyboard */,
				1B7B0700204D4BE700E4BEC4 /* adcn.swift */,
				1B7B06F5204D3D1600E4BEC4 /* Assets.xcassets */,
				1B7B06F7204D3D1600E4BEC4 /* LaunchScreen.storyboard */,
				1B7B06FA204D3D1600E4BEC4 /* Info.plist */,
			);
			path = JasonTest;
			sourceTree = "<group>";
		};
		EF0BEAA7D299A859719A29F8 /* Frameworks */ = {
			isa = PBXGroup;
			children = (
				4E32139818F78BF9A1187947 /* Pods_JasonTest.framework */,
			);
			name = Frameworks;
			sourceTree = "<group>";
		};
/* End PBXGroup section */

/* Begin PBXNativeTarget section */
		1B7B06EA204D3D1600E4BEC4 /* JasonTest */ = {
			isa = PBXNativeTarget;
			buildConfigurationList = 1B7B06FD204D3D1600E4BEC4 /* Build configuration list for PBXNativeTarget "JasonTest" */;
			buildPhases = (
				0852A05EA6633A1F8293EDC6 /* [CP] Check Pods Manifest.lock */,
				1B7B06E7204D3D1600E4BEC4 /* Sources */,
				1B7B06E8204D3D1600E4BEC4 /* Frameworks */,
				1B7B06E9204D3D1600E4BEC4 /* Resources */,
				2909E22E935ADD63692C9852 /* [CP] Embed Pods Frameworks */,
				AF20542EE66416EF79CF7E96 /* [CP] Copy Pods Resources */,
			);
			buildRules = (
			);
			dependencies = (
			);
			name = JasonTest;
			productName = JasonTest;
			productReference = 1B7B06EB204D3D1600E4BEC4 /* JasonTest.app */;
			productType = "com.apple.product-type.application";
		};
/* End PBXNativeTarget section */

/* Begin PBXProject section */
		1B7B06E3204D3D1600E4BEC4 /* Project object */ = {
			isa = PBXProject;
			attributes = {
				LastSwiftUpdateCheck = 0920;
				LastUpgradeCheck = 0920;
				ORGANIZATIONNAME = "Володимир Смульський";
				TargetAttributes = {
					1B7B06EA204D3D1600E4BEC4 = {
						CreatedOnToolsVersion = 9.2;
						ProvisioningStyle = Automatic;
					};
				};
			};
			buildConfigurationList = 1B7B06E6204D3D1600E4BEC4 /* Build configuration list for PBXProject "JasonTest" */;
			compatibilityVersion = "Xcode 8.0";
			developmentRegion = en;
			hasScannedForEncodings = 0;
			knownRegions = (
				en,
				Base,
			);
			mainGroup = 1B7B06E2204D3D1600E4BEC4;
			productRefGroup = 1B7B06EC204D3D1600E4BEC4 /* Products */;
			projectDirPath = "";
			projectRoot = "";
			targets = (
				1B7B06EA204D3D1600E4BEC4 /* JasonTest */,
			);
		};
/* End PBXProject section */

/* Begin PBXResourcesBuildPhase section */
		1B7B06E9204D3D1600E4BEC4 /* Resources */ = {
			isa = PBXResourcesBuildPhase;
			buildActionMask = 2147483647;
			files = (
				1B7B06F9204D3D1600E4BEC4 /* LaunchScreen.storyboard in Resources */,
				1B7B06F6204D3D1600E4BEC4 /* Assets.xcassets in Resources */,
				1B7B06F4204D3D1600E4BEC4 /* Main.storyboard in Resources */,
			);
			runOnlyForDeploymentPostprocessing = 0;
		};
/* End PBXResourcesBuildPhase section */

/* Begin PBXShellScriptBuildPhase section */
		0852A05EA6633A1F8293EDC6 /* [CP] Check Pods Manifest.lock */ = {
			isa = PBXShellScriptBuildPhase;
			buildActionMask = 2147483647;
			files = (
			);
			inputPaths = (
				"${PODS_PODFILE_DIR_PATH}/Podfile.lock",
				"${PODS_ROOT}/Manifest.lock",
			);
			name = "[CP] Check Pods Manifest.lock";
			outputPaths = (
				"$(DERIVED_FILE_DIR)/Pods-JasonTest-checkManifestLockResult.txt",
			);
			runOnlyForDeploymentPostprocessing = 0;
			shellPath = /bin/sh;
			shellScript = "diff \"${PODS_PODFILE_DIR_PATH}/Podfile.lock\" \"${PODS_ROOT}/Manifest.lock\" > /dev/null\nif [ $? != 0 ] ; then\n    # print error to STDERR\n    echo \"error: The sandbox is not in sync with the Podfile.lock. Run 'pod install' or update your CocoaPods installation.\" >&2\n    exit 1\nfi\n# This output is used by Xcode 'outputs' to avoid re-running this script phase.\necho \"SUCCESS\" > \"${SCRIPT_OUTPUT_FILE_0}\"\n";
			showEnvVarsInLog = 0;
		};
		2909E22E935ADD63692C9852 /* [CP] Embed Pods Frameworks */ = {
			isa = PBXShellScriptBuildPhase;
			buildActionMask = 2147483647;
			files = (
			);
			inputPaths = (
				"${SRCROOT}/Pods/Target Support Files/Pods-JasonTest/Pods-JasonTest-frameworks.sh",
				"${BUILT_PRODUCTS_DIR}/Alamofire/Alamofire.framework",
				"${BUILT_PRODUCTS_DIR}/SwiftyJSON/SwiftyJSON.framework",
			);
			name = "[CP] Embed Pods Frameworks";
			outputPaths = (
				"${TARGET_BUILD_DIR}/${FRAMEWORKS_FOLDER_PATH}/Alamofire.framework",
				"${TARGET_BUILD_DIR}/${FRAMEWORKS_FOLDER_PATH}/SwiftyJSON.framework",
			);
			runOnlyForDeploymentPostprocessing = 0;
			shellPath = /bin/sh;
			shellScript = "\"${SRCROOT}/Pods/Target Support Files/Pods-JasonTest/Pods-JasonTest-frameworks.sh\"\n";
			showEnvVarsInLog = 0;
		};
		AF20542EE66416EF79CF7E96 /* [CP] Copy Pods Resources */ = {
			isa = PBXShellScriptBuildPhase;
			buildActionMask = 2147483647;
			files = (
			);
			inputPaths = (
			);
			name = "[CP] Copy Pods Resources";
			outputPaths = (
			);
			runOnlyForDeploymentPostprocessing = 0;
			shellPath = /bin/sh;
			shellScript = "\"${SRCROOT}/Pods/Target Support Files/Pods-JasonTest/Pods-JasonTest-resources.sh\"\n";
			showEnvVarsInLog = 0;
		};
/* End PBXShellScriptBuildPhase section */

/* Begin PBXSourcesBuildPhase section */
		1B7B06E7204D3D1600E4BEC4 /* Sources */ = {
			isa = PBXSourcesBuildPhase;
			buildActionMask = 2147483647;
			files = (
				1B7B06F1204D3D1600E4BEC4 /* ViewController.swift in Sources */,
				1B7B06EF204D3D1600E4BEC4 /* AppDelegate.swift in Sources */,
				1B7B0701204D4BE700E4BEC4 /* adcn.swift in Sources */,
			);
			runOnlyForDeploymentPostprocessing = 0;
		};
/* End PBXSourcesBuildPhase section */

/* Begin PBXVariantGroup section */
		1B7B06F2204D3D1600E4BEC4 /* Main.storyboard */ = {
			isa = PBXVariantGroup;
			children = (
				1B7B06F3204D3D1600E4BEC4 /* Base */,
			);
			name = Main.storyboard;
			sourceTree = "<group>";
		};
		1B7B06F7204D3D1600E4BEC4 /* LaunchScreen.storyboard */ = {
			isa = PBXVariantGroup;
			children = (
				1B7B06F8204D3D1600E4BEC4 /* Base */,
			);
			name = LaunchScreen.storyboard;
			sourceTree = "<group>";
		};
/* End PBXVariantGroup section */

/* Begin XCBuildConfiguration section */
		1B7B06FB204D3D1600E4BEC4 /* Debug */ = {
			isa = XCBuildConfiguration;
			buildSettings = {
				ALWAYS_SEARCH_USER_PATHS = NO;
				CLANG_ANALYZER_NONNULL = YES;
				CLANG_ANALYZER_NUMBER_OBJECT_CONVERSION = YES_AGGRESSIVE;
				CLANG_CXX_LANGUAGE_STANDARD = "gnu++14";
				CLANG_CXX_LIBRARY = "libc++";
				CLANG_ENABLE_MODULES = YES;
				CLANG_ENABLE_OBJC_ARC = YES;
				CLANG_WARN_BLOCK_CAPTURE_AUTORELEASING = YES;
				CLANG_WARN_BOOL_CONVERSION = YES;
				CLANG_WARN_COMMA = YES;
				CLANG_WARN_CONSTANT_CONVERSION = YES;
				CLANG_WARN_DIRECT_OBJC_ISA_USAGE = YES_ERROR;
				CLANG_WARN_DOCUMENTATION_COMMENTS = YES;
				CLANG_WARN_EMPTY_BODY = YES;
				CLANG_WARN_ENUM_CONVERSION = YES;
				CLANG_WARN_INFINITE_RECURSION = YES;
				CLANG_WARN_INT_CONVERSION = YES;
				CLANG_WARN_NON_LITERAL_NULL_CONVERSION = YES;
				CLANG_WARN_OBJC_LITERAL_CONVERSION = YES;
				CLANG_WARN_OBJC_ROOT_CLASS = YES_ERROR;
				CLANG_WARN_RANGE_LOOP_ANALYSIS = YES;
				CLANG_WARN_STRICT_PROTOTYPES = YES;
				CLANG_WARN_SUSPICIOUS_MOVE = YES;
				CLANG_WARN_UNGUARDED_AVAILABILITY = YES_AGGRESSIVE;
				CLANG_WARN_UNREACHABLE_CODE = YES;
				CLANG_WARN__DUPLICATE_METHOD_MATCH = YES;
				CODE_SIGN_IDENTITY = "iPhone Developer";
				COPY_PHASE_STRIP = NO;
				DEBUG_INFORMATION_FORMAT = dwarf;
				ENABLE_STRICT_OBJC_MSGSEND = YES;
				ENABLE_TESTABILITY = YES;
				GCC_C_LANGUAGE_STANDARD = gnu11;
				GCC_DYNAMIC_NO_PIC = NO;
				GCC_NO_COMMON_BLOCKS = YES;
				GCC_OPTIMIZATION_LEVEL = 0;
				GCC_PREPROCESSOR_DEFINITIONS = (
					"DEBUG=1",
					"$(inherited)",
				);
				GCC_WARN_64_TO_32_BIT_CONVERSION = YES;
				GCC_WARN_ABOUT_RETURN_TYPE = YES_ERROR;
				GCC_WARN_UNDECLARED_SELECTOR = YES;
				GCC_WARN_UNINITIALIZED_AUTOS = YES_AGGRESSIVE;
				GCC_WARN_UNUSED_FUNCTION = YES;
				GCC_WARN_UNUSED_VARIABLE = YES;
				IPHONEOS_DEPLOYMENT_TARGET = 11.2;
				MTL_ENABLE_DEBUG_INFO = YES;
				ONLY_ACTIVE_ARCH = YES;
				SDKROOT = iphoneos;
				SWIFT_ACTIVE_COMPILATION_CONDITIONS = DEBUG;
				SWIFT_OPTIMIZATION_LEVEL = "-Onone";
			};
			name = Debug;
		};
		1B7B06FC204D3D1600E4BEC4 /* Release */ = {
			isa = XCBuildConfiguration;
			buildSettings = {
				ALWAYS_SEARCH_USER_PATHS = NO;
				CLANG_ANALYZER_NONNULL = YES;
				CLANG_ANALYZER_NUMBER_OBJECT_CONVERSION = YES_AGGRESSIVE;
				CLANG_CXX_LANGUAGE_STANDARD = "gnu++14";
				CLANG_CXX_LIBRARY = "libc++";
				CLANG_ENABLE_MODULES = YES;
				CLANG_ENABLE_OBJC_ARC = YES;
				CLANG_WARN_BLOCK_CAPTURE_AUTORELEASING = YES;
				CLANG_WARN_BOOL_CONVERSION = YES;
				CLANG_WARN_COMMA = YES;
				CLANG_WARN_CONSTANT_CONVERSION = YES;
				CLANG_WARN_DIRECT_OBJC_ISA_USAGE = YES_ERROR;
				CLANG_WARN_DOCUMENTATION_COMMENTS = YES;
				CLANG_WARN_EMPTY_BODY = YES;
				CLANG_WARN_ENUM_CONVERSION = YES;
				CLANG_WARN_INFINITE_RECURSION = YES;
				CLANG_WARN_INT_CONVERSION = YES;
				CLANG_WARN_NON_LITERAL_NULL_CONVERSION = YES;
				CLANG_WARN_OBJC_LITERAL_CONVERSION = YES;
				CLANG_WARN_OBJC_ROOT_CLASS = YES_ERROR;
				CLANG_WARN_RANGE_LOOP_ANALYSIS = YES;
				CLANG_WARN_STRICT_PROTOTYPES = YES;
				CLANG_WARN_SUSPICIOUS_MOVE = YES;
				CLANG_WARN_UNGUARDED_AVAILABILITY = YES_AGGRESSIVE;
				CLANG_WARN_UNREACHABLE_CODE = YES;
				CLANG_WARN__DUPLICATE_METHOD_MATCH = YES;
				CODE_SIGN_IDENTITY = "iPhone Developer";
				COPY_PHASE_STRIP = NO;
				DEBUG_INFORMATION_FORMAT = "dwarf-with-dsym";
				ENABLE_NS_ASSERTIONS = NO;
				ENABLE_STRICT_OBJC_MSGSEND = YES;
				GCC_C_LANGUAGE_STANDARD = gnu11;
				GCC_NO_COMMON_BLOCKS = YES;
				GCC_WARN_64_TO_32_BIT_CONVERSION = YES;
				GCC_WARN_ABOUT_RETURN_TYPE = YES_ERROR;
				GCC_WARN_UNDECLARED_SELECTOR = YES;
				GCC_WARN_UNINITIALIZED_AUTOS = YES_AGGRESSIVE;
				GCC_WARN_UNUSED_FUNCTION = YES;
				GCC_WARN_UNUSED_VARIABLE = YES;
				IPHONEOS_DEPLOYMENT_TARGET = 11.2;
				MTL_ENABLE_DEBUG_INFO = NO;
				SDKROOT = iphoneos;
				SWIFT_OPTIMIZATION_LEVEL = "-Owholemodule";
				VALIDATE_PRODUCT = YES;
			};
			name = Release;
		};
		1B7B06FE204D3D1600E4BEC4 /* Debug */ = {
			isa = XCBuildConfiguration;
			baseConfigurationReference = 0426EA6DCBB3DF98EE3985C3 /* Pods-JasonTest.debug.xcconfig */;
			buildSettings = {
				ASSETCATALOG_COMPILER_APPICON_NAME = AppIcon;
				CODE_SIGN_STYLE = Automatic;
				DEVELOPMENT_TEAM = 3W6QZF2EK2;
				INFOPLIST_FILE = JasonTest/Info.plist;
				LD_RUNPATH_SEARCH_PATHS = "$(inherited) @executable_path/Frameworks";
				PRODUCT_BUNDLE_IDENTIFIER = ExportProfile.developerprofile.trying.CoreData.JasonTest;
				PRODUCT_NAME = "$(TARGET_NAME)";
				SWIFT_VERSION = 4.0;
				TARGETED_DEVICE_FAMILY = "1,2";
			};
			name = Debug;
		};
		1B7B06FF204D3D1600E4BEC4 /* Release */ = {
			isa = XCBuildConfiguration;
			baseConfigurationReference = A10F773B8D5D6DB1D23EF2A2 /* Pods-JasonTest.release.xcconfig */;
			buildSettings = {
				ASSETCATALOG_COMPILER_APPICON_NAME = AppIcon;
				CODE_SIGN_STYLE = Automatic;
				DEVELOPMENT_TEAM = 3W6QZF2EK2;
				INFOPLIST_FILE = JasonTest/Info.plist;
				LD_RUNPATH_SEARCH_PATHS = "$(inherited) @executable_path/Frameworks";
				PRODUCT_BUNDLE_IDENTIFIER = ExportProfile.developerprofile.trying.CoreData.JasonTest;
				PRODUCT_NAME = "$(TARGET_NAME)";
				SWIFT_VERSION = 4.0;
				TARGETED_DEVICE_FAMILY = "1,2";
			};
			name = Release;
		};
/* End XCBuildConfiguration section */

/* Begin XCConfigurationList section */
		1B7B06E6204D3D1600E4BEC4 /* Build configuration list for PBXProject "JasonTest" */ = {
			isa = XCConfigurationList;
			buildConfigurations = (
				1B7B06FB204D3D1600E4BEC4 /* Debug */,
				1B7B06FC204D3D1600E4BEC4 /* Release */,
			);
			defaultConfigurationIsVisible = 0;
			defaultConfigurationName = Release;
		};
		1B7B06FD204D3D1600E4BEC4 /* Build configuration list for PBXNativeTarget "JasonTest" */ = {
			isa = XCConfigurationList;
			buildConfigurations = (
				1B7B06FE204D3D1600E4BEC4 /* Debug */,
				1B7B06FF204D3D1600E4BEC4 /* Release */,
			);
			defaultConfigurationIsVisible = 0;
			defaultConfigurationName = Release;
		};
/* End XCConfigurationList section */
	};
	rootObject = 1B7B06E3204D3D1600E4BEC4 /* Project object */;
}
